
Microsoft Visual Studio Solution File, Format Version 12.00
# Visual Studio Version 17
VisualStudioVersion = 17.1.32228.430
MinimumVisualStudioVersion = 10.0.40219.1
Project("{FAE04EC0-301F-11D3-BF4B-00C04F79EFBC}") = "DependencyInjection", "DependencyInjection\DependencyInjection.csproj", "{4FD0000E-5735-4997-AA48-231BC9BC9565}"
EndProject
Global
	GlobalSection(SolutionConfigurationPlatforms) = preSolution
		Debug|Any CPU = Debug|Any CPU
		Release|Any CPU = Release|Any CPU
	EndGlobalSection
	GlobalSection(ProjectConfigurationPlatforms) = postSolution
		{4FD0000E-5735-4997-AA48-231BC9BC9565}.Debug|Any CPU.ActiveCfg = Debug|Any CPU
		{4FD0000E-5735-4997-AA48-231BC9BC9565}.Debug|Any CPU.Build.0 = Debug|Any CPU
		{4FD0000E-5735-4997-AA48-231BC9BC9565}.Release|Any CPU.ActiveCfg = Release|Any CPU
		{4FD0000E-5735-4997-AA48-231BC9BC9565}.Release|Any CPU.Build.0 = Release|Any CPU
	EndGlobalSection
	GlobalSection(SolutionProperties) = preSolution
		HideSolutionNode = FALSE
	EndGlobalSection
	GlobalSection(ExtensibilityGlobals) = postSolution
		SolutionGuid = {F0AC1623-2E87-4F2F-822B-2183B81DE185}
	EndGlobalSection
EndGlobal
